// !$*UTF8*$!
{
	archiveVersion = 1;
	classes = {
	};
	objectVersion = 46;
	objects = {

/* Begin PBXBuildFile section */
		8229BFD71B5E2A7600C40181 /* main.m in Sources */ = {isa = PBXBuildFile; fileRef = 8229BFD61B5E2A7600C40181 /* main.m */; };
		8229BFDA1B5E2A7600C40181 /* AppDelegate.m in Sources */ = {isa = PBXBuildFile; fileRef = 8229BFD91B5E2A7600C40181 /* AppDelegate.m */; };
		8229BFDD1B5E2A7600C40181 /* MaterialTextFieldDemoViewController.m in Sources */ = {isa = PBXBuildFile; fileRef = 8229BFDC1B5E2A7600C40181 /* MaterialTextFieldDemoViewController.m */; };
		8229BFE01B5E2A7600C40181 /* Main.storyboard in Resources */ = {isa = PBXBuildFile; fileRef = 8229BFDE1B5E2A7600C40181 /* Main.storyboard */; };
		8229BFE21B5E2A7600C40181 /* Images.xcassets in Resources */ = {isa = PBXBuildFile; fileRef = 8229BFE11B5E2A7600C40181 /* Images.xcassets */; };
		8229BFE51B5E2A7600C40181 /* LaunchScreen.xib in Resources */ = {isa = PBXBuildFile; fileRef = 8229BFE31B5E2A7600C40181 /* LaunchScreen.xib */; };
		CECEC4381BEBECB500FDD23F /* MaterialTextField.framework in Frameworks */ = {isa = PBXBuildFile; fileRef = CE4B7E621BEBE94300CD6620 /* MaterialTextField.framework */; };
/* End PBXBuildFile section */

/* Begin PBXFileReference section */
		8229BFD11B5E2A7600C40181 /* MaterialTextFieldDemo.app */ = {isa = PBXFileReference; explicitFileType = wrapper.application; includeInIndex = 0; path = MaterialTextFieldDemo.app; sourceTree = BUILT_PRODUCTS_DIR; };
		8229BFD51B5E2A7600C40181 /* Info.plist */ = {isa = PBXFileReference; lastKnownFileType = text.plist.xml; path = Info.plist; sourceTree = "<group>"; };
		8229BFD61B5E2A7600C40181 /* main.m */ = {isa = PBXFileReference; lastKnownFileType = sourcecode.c.objc; path = main.m; sourceTree = "<group>"; };
		8229BFD81B5E2A7600C40181 /* AppDelegate.h */ = {isa = PBXFileReference; lastKnownFileType = sourcecode.c.h; path = AppDelegate.h; sourceTree = "<group>"; };
		8229BFD91B5E2A7600C40181 /* AppDelegate.m */ = {isa = PBXFileReference; lastKnownFileType = sourcecode.c.objc; path = AppDelegate.m; sourceTree = "<group>"; };
		8229BFDB1B5E2A7600C40181 /* MaterialTextFieldDemoViewController.h */ = {isa = PBXFileReference; lastKnownFileType = sourcecode.c.h; path = MaterialTextFieldDemoViewController.h; sourceTree = "<group>"; };
		8229BFDC1B5E2A7600C40181 /* MaterialTextFieldDemoViewController.m */ = {isa = PBXFileReference; lastKnownFileType = sourcecode.c.objc; path = MaterialTextFieldDemoViewController.m; sourceTree = "<group>"; };
		8229BFDF1B5E2A7600C40181 /* Base */ = {isa = PBXFileReference; lastKnownFileType = file.storyboard; name = Base; path = Base.lproj/Main.storyboard; sourceTree = "<group>"; };
		8229BFE11B5E2A7600C40181 /* Images.xcassets */ = {isa = PBXFileReference; lastKnownFileType = folder.assetcatalog; path = Images.xcassets; sourceTree = "<group>"; };
		8229BFE41B5E2A7600C40181 /* Base */ = {isa = PBXFileReference; lastKnownFileType = file.xib; name = Base; path = Base.lproj/LaunchScreen.xib; sourceTree = "<group>"; };
		CE4B7E621BEBE94300CD6620 /* MaterialTextField.framework */ = {isa = PBXFileReference; explicitFileType = wrapper.framework; path = MaterialTextField.framework; sourceTree = BUILT_PRODUCTS_DIR; };
/* End PBXFileReference section */

/* Begin PBXFrameworksBuildPhase section */
		8229BFCE1B5E2A7600C40181 /* Frameworks */ = {
			isa = PBXFrameworksBuildPhase;
			buildActionMask = 2147483647;
			files = (
				CECEC4381BEBECB500FDD23F /* MaterialTextField.framework in Frameworks */,
			);
			runOnlyForDeploymentPostprocessing = 0;
		};
/* End PBXFrameworksBuildPhase section */

/* Begin PBXGroup section */
		8229BFC81B5E2A7600C40181 = {
			isa = PBXGroup;
			children = (
				8229BFD31B5E2A7600C40181 /* MaterialTextFieldDemo */,
				CE4B7E611BEBE92B00CD6620 /* Frameworks */,
				8229BFD21B5E2A7600C40181 /* Products */,
			);
			indentWidth = 4;
			sourceTree = "<group>";
			usesTabs = 0;
		};
		8229BFD21B5E2A7600C40181 /* Products */ = {
			isa = PBXGroup;
			children = (
				8229BFD11B5E2A7600C40181 /* MaterialTextFieldDemo.app */,
			);
			name = Products;
			sourceTree = "<group>";
		};
		8229BFD31B5E2A7600C40181 /* MaterialTextFieldDemo */ = {
			isa = PBXGroup;
			children = (
				8229BFD81B5E2A7600C40181 /* AppDelegate.h */,
				8229BFD91B5E2A7600C40181 /* AppDelegate.m */,
				8229BFDB1B5E2A7600C40181 /* MaterialTextFieldDemoViewController.h */,
				8229BFDC1B5E2A7600C40181 /* MaterialTextFieldDemoViewController.m */,
				8229BFDE1B5E2A7600C40181 /* Main.storyboard */,
				8229BFE11B5E2A7600C40181 /* Images.xcassets */,
				8229BFE31B5E2A7600C40181 /* LaunchScreen.xib */,
				8229BFD41B5E2A7600C40181 /* Supporting Files */,
			);
			path = MaterialTextFieldDemo;
			sourceTree = "<group>";
		};
		8229BFD41B5E2A7600C40181 /* Supporting Files */ = {
			isa = PBXGroup;
			children = (
				8229BFD51B5E2A7600C40181 /* Info.plist */,
				8229BFD61B5E2A7600C40181 /* main.m */,
			);
			name = "Supporting Files";
			sourceTree = "<group>";
		};
		CE4B7E611BEBE92B00CD6620 /* Frameworks */ = {
			isa = PBXGroup;
			children = (
				CE4B7E621BEBE94300CD6620 /* MaterialTextField.framework */,
			);
			name = Frameworks;
			sourceTree = "<group>";
		};
/* End PBXGroup section */

/* Begin PBXNativeTarget section */
		8229BFD01B5E2A7600C40181 /* MaterialTextFieldDemo */ = {
			isa = PBXNativeTarget;
			buildConfigurationList = 8229BFF41B5E2A7600C40181 /* Build configuration list for PBXNativeTarget "MaterialTextFieldDemo" */;
			buildPhases = (
				8229BFCD1B5E2A7600C40181 /* Sources */,
				8229BFCE1B5E2A7600C40181 /* Frameworks */,
				8229BFCF1B5E2A7600C40181 /* Resources */,
			);
			buildRules = (
			);
			dependencies = (
			);
			name = MaterialTextFieldDemo;
			productName = MaterialTextFieldDemo;
			productReference = 8229BFD11B5E2A7600C40181 /* MaterialTextFieldDemo.app */;
			productType = "com.apple.product-type.application";
		};
/* End PBXNativeTarget section */

/* Begin PBXProject section */
		8229BFC91B5E2A7600C40181 /* Project object */ = {
			isa = PBXProject;
			attributes = {
				LastUpgradeCheck = 0930;
				ORGANIZATIONNAME = "Stephanie Sharp";
				TargetAttributes = {
					8229BFD01B5E2A7600C40181 = {
						CreatedOnToolsVersion = 6.3.2;
					};
				};
			};
			buildConfigurationList = 8229BFCC1B5E2A7600C40181 /* Build configuration list for PBXProject "MaterialTextFieldDemo" */;
			compatibilityVersion = "Xcode 3.2";
			developmentRegion = English;
			hasScannedForEncodings = 0;
			knownRegions = (
				en,
				Base,
			);
			mainGroup = 8229BFC81B5E2A7600C40181;
			productRefGroup = 8229BFD21B5E2A7600C40181 /* Products */;
			projectDirPath = "";
			projectRoot = "";
			targets = (
				8229BFD01B5E2A7600C40181 /* MaterialTextFieldDemo */,
			);
		};
/* End PBXProject section */

/* Begin PBXResourcesBuildPhase section */
		8229BFCF1B5E2A7600C40181 /* Resources */ = {
			isa = PBXResourcesBuildPhase;
			buildActionMask = 2147483647;
			files = (
				8229BFE01B5E2A7600C40181 /* Main.storyboard in Resources */,
				8229BFE51B5E2A7600C40181 /* LaunchScreen.xib in Resources */,
				8229BFE21B5E2A7600C40181 /* Images.xcassets in Resources */,
			);
			runOnlyForDeploymentPostprocessing = 0;
		};
/* End PBXResourcesBuildPhase section */

/* Begin PBXSourcesBuildPhase section */
		8229BFCD1B5E2A7600C40181 /* Sources */ = {
			isa = PBXSourcesBuildPhase;
			buildActionMask = 2147483647;
			files = (
				8229BFDD1B5E2A7600C40181 /* MaterialTextFieldDemoViewController.m in Sources */,
				8229BFDA1B5E2A7600C40181 /* AppDelegate.m in Sources */,
				8229BFD71B5E2A7600C40181 /* main.m in Sources */,
			);
			runOnlyForDeploymentPostprocessing = 0;
		};
/* End PBXSourcesBuildPhase section */

/* Begin PBXVariantGroup section */
		8229BFDE1B5E2A7600C40181 /* Main.storyboard */ = {
			isa = PBXVariantGroup;
			children = (
				8229BFDF1B5E2A7600C40181 /* Base */,
			);
			name = Main.storyboard;
			sourceTree = "<group>";
		};
		8229BFE31B5E2A7600C40181 /* LaunchScreen.xib */ = {
			isa = PBXVariantGroup;
			children = (
				8229BFE41B5E2A7600C40181 /* Base */,
			);
			name = LaunchScreen.xib;
			sourceTree = "<group>";
		};
/* End PBXVariantGroup section */

/* Begin XCBuildConfiguration section */
		8229BFF21B5E2A7600C40181 /* Debug */ = {
			isa = XCBuildConfiguration;
			buildSettings = {
				ALWAYS_SEARCH_USER_PATHS = NO;
				CLANG_CXX_LANGUAGE_STANDARD = "gnu++0x";
				CLANG_CXX_LIBRARY = "libc++";
				CLANG_ENABLE_MODULES = YES;
				CLANG_ENABLE_OBJC_ARC = YES;
				CLANG_WARN_BLOCK_CAPTURE_AUTORELEASING = YES;
				CLANG_WARN_BOOL_CONVERSION = YES;
				CLANG_WARN_COMMA = YES;
				CLANG_WARN_CONSTANT_CONVERSION = YES;
				CLANG_WARN_DEPRECATED_OBJC_IMPLEMENTATIONS = YES;
				CLANG_WARN_DIRECT_OBJC_ISA_USAGE = YES_ERROR;
				CLANG_WARN_EMPTY_BODY = YES;
				CLANG_WARN_ENUM_CONVERSION = YES;
				CLANG_WARN_INFINITE_RECURSION = YES;
				CLANG_WARN_INT_CONVERSION = YES;
				CLANG_WARN_NON_LITERAL_NULL_CONVERSION = YES;
				CLANG_WARN_OBJC_IMPLICIT_RETAIN_SELF = YES;
				CLANG_WARN_OBJC_LITERAL_CONVERSION = YES;
				CLANG_WARN_OBJC_ROOT_CLASS = YES_ERROR;
				CLANG_WARN_RANGE_LOOP_ANALYSIS = YES;
				CLANG_WARN_STRICT_PROTOTYPES = YES;
				CLANG_WARN_SUSPICIOUS_MOVE = YES;
				CLANG_WARN_UNREACHABLE_CODE = YES;
				CLANG_WARN__DUPLICATE_METHOD_MATCH = YES;
				"CODE_SIGN_IDENTITY[sdk=iphoneos*]" = "iPhone Developer";
				COPY_PHASE_STRIP = NO;
				DEBUG_INFORMATION_FORMAT = "dwarf-with-dsym";
				ENABLE_STRICT_OBJC_MSGSEND = YES;
				ENABLE_TESTABILITY = YES;
				GCC_C_LANGUAGE_STANDARD = gnu99;
				GCC_DYNAMIC_NO_PIC = NO;
				GCC_NO_COMMON_BLOCKS = YES;
				GCC_OPTIMIZATION_LEVEL = 0;
				GCC_PREPROCESSOR_DEFINITIONS = (
					"DEBUG=1",
					"$(inherited)",
				);
				GCC_SYMBOLS_PRIVATE_EXTERN = NO;
				GCC_WARN_64_TO_32_BIT_CONVERSION = YES;
				GCC_WARN_ABOUT_RETURN_TYPE = YES_ERROR;
				GCC_WARN_UNDECLARED_SELECTOR = YES;
				GCC_WARN_UNINITIALIZED_AUTOS = YES_AGGRESSIVE;
				GCC_WARN_UNUSED_FUNCTION = YES;
				GCC_WARN_UNUSED_VARIABLE = YES;
				IPHONEOS_DEPLOYMENT_TARGET = 10.0;
				MTL_ENABLE_DEBUG_INFO = YES;
				ONLY_ACTIVE_ARCH = YES;
				SDKROOT = iphoneos;
				TARGETED_DEVICE_FAMILY = "1,2";
			};
			name = Debug;
		};
		8229BFF31B5E2A7600C40181 /* Release */ = {
			isa = XCBuildConfiguration;
			buildSettings = {
				ALWAYS_SEARCH_USER_PATHS = NO;
				CLANG_CXX_LANGUAGE_STANDARD = "gnu++0x";
				CLANG_CXX_LIBRARY = "libc++";
				CLANG_ENABLE_MODULES = YES;
				CLANG_ENABLE_OBJC_ARC = YES;
				CLANG_WARN_BLOCK_CAPTURE_AUTORELEASING = YES;
				CLANG_WARN_BOOL_CONVERSION = YES;
				CLANG_WARN_COMMA = YES;
				CLANG_WARN_CONSTANT_CONVERSION = YES;
				CLANG_WARN_DEPRECATED_OBJC_IMPLEMENTATIONS = YES;
				CLANG_WARN_DIRECT_OBJC_ISA_USAGE = YES_ERROR;
				CLANG_WARN_EMPTY_BODY = YES;
				CLANG_WARN_ENUM_CONVERSION = YES;
				CLANG_WARN_INFINITE_RECURSION = YES;
				CLANG_WARN_INT_CONVERSION = YES;
				CLANG_WARN_NON_LITERAL_NULL_CONVERSION = YES;
				CLANG_WARN_OBJC_IMPLICIT_RETAIN_SELF = YES;
				CLANG_WARN_OBJC_LITERAL_CONVERSION = YES;
				CLANG_WARN_OBJC_ROOT_CLASS = YES_ERROR;
				CLANG_WARN_RANGE_LOOP_ANALYSIS = YES;
				CLANG_WARN_STRICT_PROTOTYPES = YES;
				CLANG_WARN_SUSPICIOUS_MOVE = YES;
				CLANG_WARN_UNREACHABLE_CODE = YES;
				CLANG_WARN__DUPLICATE_METHOD_MATCH = YES;
				"CODE_SIGN_IDENTITY[sdk=iphoneos*]" = "iPhone Developer";
				COPY_PHASE_STRIP = NO;
				DEBUG_INFORMATION_FORMAT = "dwarf-with-dsym";
				ENABLE_NS_ASSERTIONS = NO;
				ENABLE_STRICT_OBJC_MSGSEND = YES;
				GCC_C_LANGUAGE_STANDARD = gnu99;
				GCC_NO_COMMON_BLOCKS = YES;
				GCC_WARN_64_TO_32_BIT_CONVERSION = YES;
				GCC_WARN_ABOUT_RETURN_TYPE = YES_ERROR;
				GCC_WARN_UNDECLARED_SELECTOR = YES;
				GCC_WARN_UNINITIALIZED_AUTOS = YES_AGGRESSIVE;
				GCC_WARN_UNUSED_FUNCTION = YES;
				GCC_WARN_UNUSED_VARIABLE = YES;
				IPHONEOS_DEPLOYMENT_TARGET = 10.0;
				MTL_ENABLE_DEBUG_INFO = NO;
				SDKROOT = iphoneos;
				TARGETED_DEVICE_FAMILY = "1,2";
				VALIDATE_PRODUCT = YES;
			};
			name = Release;
		};
		8229BFF51B5E2A7600C40181 /* Debug */ = {
			isa = XCBuildConfiguration;
			buildSettings = {
				ASSETCATALOG_COMPILER_APPICON_NAME = AppIcon;
				INFOPLIST_FILE = MaterialTextFieldDemo/Info.plist;
				IPHONEOS_DEPLOYMENT_TARGET = 8.0;
				LD_RUNPATH_SEARCH_PATHS = "$(inherited) @executable_path/Frameworks";
				PRODUCT_BUNDLE_IDENTIFIER = "com.ssharp.$(PRODUCT_NAME:rfc1034identifier)";
				PRODUCT_NAME = "$(TARGET_NAME)";
			};
			name = Debug;
		};
		8229BFF61B5E2A7600C40181 /* Release */ = {
			isa = XCBuildConfiguration;
			buildSettings = {
				ASSETCATALOG_COMPILER_APPICON_NAME = AppIcon;
				INFOPLIST_FILE = MaterialTextFieldDemo/Info.plist;
				IPHONEOS_DEPLOYMENT_TARGET = 8.0;
				LD_RUNPATH_SEARCH_PATHS = "$(inherited) @executable_path/Frameworks";
				PRODUCT_BUNDLE_IDENTIFIER = "com.ssharp.$(PRODUCT_NAME:rfc1034identifier)";
				PRODUCT_NAME = "$(TARGET_NAME)";
			};
			name = Release;
		};
/* End XCBuildConfiguration section */

/* Begin XCConfigurationList section */
		8229BFCC1B5E2A7600C40181 /* Build configuration list for PBXProject "MaterialTextFieldDemo" */ = {
			isa = XCConfigurationList;
			buildConfigurations = (
				8229BFF21B5E2A7600C40181 /* Debug */,
				8229BFF31B5E2A7600C40181 /* Release */,
			);
			defaultConfigurationIsVisible = 0;
			defaultConfigurationName = Release;
		};
		8229BFF41B5E2A7600C40181 /* Build configuration list for PBXNativeTarget "MaterialTextFieldDemo" */ = {
			isa = XCConfigurationList;
			buildConfigurations = (
				8229BFF51B5E2A7600C40181 /* Debug */,
				8229BFF61B5E2A7600C40181 /* Release */,
			);
			defaultConfigurationIsVisible = 0;
			defaultConfigurationName = Release;
		};
/* End XCConfigurationList section */
	};
	rootObject = 8229BFC91B5E2A7600C40181 /* Project object */;
}
